
Microsoft Visual Studio Solution File, Format Version 12.00
# Visual Studio 14
VisualStudioVersion = 14.0.25420.1
MinimumVisualStudioVersion = 10.0.40219.1
Project("{FAE04EC0-301F-11D3-BF4B-00C04F79EFBC}") = "Proyect05-Routing", "Proyect05-Routing\Proyect05-Routing.csproj", "{94CF7932-416E-48E2-B9E7-E8900DB1978B}"
EndProject
Global
	GlobalSection(SolutionConfigurationPlatforms) = preSolution
		Debug|Any CPU = Debug|Any CPU
		Release|Any CPU = Release|Any CPU
	EndGlobalSection
	GlobalSection(ProjectConfigurationPlatforms) = postSolution
		{94CF7932-416E-48E2-B9E7-E8900DB1978B}.Debug|Any CPU.ActiveCfg = Debug|Any CPU
		{94CF7932-416E-48E2-B9E7-E8900DB1978B}.Debug|Any CPU.Build.0 = Debug|Any CPU
		{94CF7932-416E-48E2-B9E7-E8900DB1978B}.Release|Any CPU.ActiveCfg = Release|Any CPU
		{94CF7932-416E-48E2-B9E7-E8900DB1978B}.Release|Any CPU.Build.0 = Release|Any CPU
	EndGlobalSection
	GlobalSection(SolutionProperties) = preSolution
		HideSolutionNode = FALSE
	EndGlobalSection
EndGlobal
